
Microsoft Visual Studio Solution File, Format Version 12.00
# Visual Studio Version 17
VisualStudioVersion = 17.7.34202.233
MinimumVisualStudioVersion = 10.0.40219.1
Project("{FAE04EC0-301F-11D3-BF4B-00C04F79EFBC}") = "server", "server\server.csproj", "{2CDED02E-25A6-4E1B-A192-E69EC1D2652C}"
EndProject
Global
	GlobalSection(SolutionConfigurationPlatforms) = preSolution
		Debug|Any CPU = Debug|Any CPU
		Release|Any CPU = Release|Any CPU
	EndGlobalSection
	GlobalSection(ProjectConfigurationPlatforms) = postSolution
		{2CDED02E-25A6-4E1B-A192-E69EC1D2652C}.Debug|Any CPU.ActiveCfg = Debug|Any CPU
		{2CDED02E-25A6-4E1B-A192-E69EC1D2652C}.Debug|Any CPU.Build.0 = Debug|Any CPU
		{2CDED02E-25A6-4E1B-A192-E69EC1D2652C}.Release|Any CPU.ActiveCfg = Release|Any CPU
		{2CDED02E-25A6-4E1B-A192-E69EC1D2652C}.Release|Any CPU.Build.0 = Release|Any CPU
	EndGlobalSection
	GlobalSection(SolutionProperties) = preSolution
		HideSolutionNode = FALSE
	EndGlobalSection
	GlobalSection(ExtensibilityGlobals) = postSolution
		SolutionGuid = {D016A692-CF1F-48A2-B1C5-3C21D2B82A63}
	EndGlobalSection
EndGlobal
