
Microsoft Visual Studio Solution File, Format Version 12.00
# Visual Studio Version 17
VisualStudioVersion = 17.7.34202.233
MinimumVisualStudioVersion = 10.0.40219.1
Project("{9A19103F-16F7-4668-BE54-9A1E7A4F7556}") = "temperature_Server", "temperature_Server\temperature_Server.csproj", "{589CCF80-EC6B-4C06-92A2-3153EF0D6D74}"
EndProject
Global
	GlobalSection(SolutionConfigurationPlatforms) = preSolution
		Debug|Any CPU = Debug|Any CPU
		Release|Any CPU = Release|Any CPU
	EndGlobalSection
	GlobalSection(ProjectConfigurationPlatforms) = postSolution
		{589CCF80-EC6B-4C06-92A2-3153EF0D6D74}.Debug|Any CPU.ActiveCfg = Debug|Any CPU
		{589CCF80-EC6B-4C06-92A2-3153EF0D6D74}.Debug|Any CPU.Build.0 = Debug|Any CPU
		{589CCF80-EC6B-4C06-92A2-3153EF0D6D74}.Release|Any CPU.ActiveCfg = Release|Any CPU
		{589CCF80-EC6B-4C06-92A2-3153EF0D6D74}.Release|Any CPU.Build.0 = Release|Any CPU
	EndGlobalSection
	GlobalSection(SolutionProperties) = preSolution
		HideSolutionNode = FALSE
	EndGlobalSection
	GlobalSection(ExtensibilityGlobals) = postSolution
		SolutionGuid = {D016A692-CF1F-48A2-B1C5-3C21D2B82A63}
	EndGlobalSection
EndGlobal
